
Microsoft Visual Studio Solution File, Format Version 12.00
# Visual Studio Version 17
VisualStudioVersion = 17.2.32630.192
MinimumVisualStudioVersion = 10.0.40219.1
Project("{FAE04EC0-301F-11D3-BF4B-00C04F79EFBC}") = "PartyInvitation2", "PartyInvitation2\PartyInvitation2.csproj", "{AB5719F6-8464-4385-B4E9-D6AD3BDF0B2D}"
EndProject
Global
	GlobalSection(SolutionConfigurationPlatforms) = preSolution
		Debug|Any CPU = Debug|Any CPU
		Release|Any CPU = Release|Any CPU
	EndGlobalSection
	GlobalSection(ProjectConfigurationPlatforms) = postSolution
		{AB5719F6-8464-4385-B4E9-D6AD3BDF0B2D}.Debug|Any CPU.ActiveCfg = Debug|Any CPU
		{AB5719F6-8464-4385-B4E9-D6AD3BDF0B2D}.Debug|Any CPU.Build.0 = Debug|Any CPU
		{AB5719F6-8464-4385-B4E9-D6AD3BDF0B2D}.Release|Any CPU.ActiveCfg = Release|Any CPU
		{AB5719F6-8464-4385-B4E9-D6AD3BDF0B2D}.Release|Any CPU.Build.0 = Release|Any CPU
	EndGlobalSection
	GlobalSection(SolutionProperties) = preSolution
		HideSolutionNode = FALSE
	EndGlobalSection
	GlobalSection(ExtensibilityGlobals) = postSolution
		SolutionGuid = {CB466BC0-28B1-43C7-8AA2-92711640E810}
	EndGlobalSection
EndGlobal
